
Microsoft Visual Studio Solution File, Format Version 12.00
# Visual Studio Version 17
VisualStudioVersion = 17.2.32630.192
MinimumVisualStudioVersion = 10.0.40219.1
Project("{FAE04EC0-301F-11D3-BF4B-00C04F79EFBC}") = "CalcularFrete", "CalcularFrete.csproj", "{ED32ED13-1008-4562-B9B3-22B2F328C47D}"
EndProject
Global
	GlobalSection(SolutionConfigurationPlatforms) = preSolution
		Debug|Any CPU = Debug|Any CPU
		Release|Any CPU = Release|Any CPU
	EndGlobalSection
	GlobalSection(ProjectConfigurationPlatforms) = postSolution
		{ED32ED13-1008-4562-B9B3-22B2F328C47D}.Debug|Any CPU.ActiveCfg = Debug|Any CPU
		{ED32ED13-1008-4562-B9B3-22B2F328C47D}.Debug|Any CPU.Build.0 = Debug|Any CPU
		{ED32ED13-1008-4562-B9B3-22B2F328C47D}.Release|Any CPU.ActiveCfg = Release|Any CPU
		{ED32ED13-1008-4562-B9B3-22B2F328C47D}.Release|Any CPU.Build.0 = Release|Any CPU
	EndGlobalSection
	GlobalSection(SolutionProperties) = preSolution
		HideSolutionNode = FALSE
	EndGlobalSection
	GlobalSection(ExtensibilityGlobals) = postSolution
		SolutionGuid = {025C0A77-681E-4693-868C-336D579560E9}
	EndGlobalSection
EndGlobal
